<?xml version="1.0" encoding="UTF-8" standalone="yes" ?>
<CodeBlocks_project_file>
	<FileVersion major="1" minor="6" />
	<Project>
		<Option title="NovisX" />
		<Option pch_mode="2" />
		<Option compiler="gcc" />
		<Build>
			<Target title="Debug">
				<Option output="bin/Debug/NovisX" prefix_auto="1" extension_auto="1" />
				<Option object_output="obj/Debug/" />
				<Option type="1" />
				<Option compiler="gcc" />
				<Compiler>
					<Add option="-g" />
				</Compiler>
				<Linker>
					<Add library="SDL2" />
					<Add library="SDL2_mixer" />
					<Add library="SDL2_ttf" />
					<Add library="libxml2" />
					<Add library="SDL2_image" />
				</Linker>
			</Target>
			<Target title="Release">
				<Option output="bin/Release/NovisX" prefix_auto="1" extension_auto="1" />
				<Option object_output="obj/Release/" />
				<Option type="1" />
				<Option compiler="gcc" />
				<Compiler>
					<Add option="-O2" />
				</Compiler>
				<Linker>
					<Add option="-s" />
					<Add library="SDL2" />
					<Add library="SDL2_mixer" />
					<Add library="SDL2_ttf" />
					<Add library="libxml2" />
					<Add library="SDL_image" />
				</Linker>
			</Target>
		</Build>
		<Compiler>
			<Add option="-Wall" />
			<Add directory="/usr/include/SDL2" />
			<Add directory="/usr/include/libxml2" />
		</Compiler>
		<Linker>
			<Add library="SDL2" />
			<Add library="SDL2_mixer" />
			<Add library="SDL2_ttf" />
			<Add library="libxml2" />
			<Add library="SDL2_image" />
			<Add library="libm" />
		</Linker>
		<Unit filename="Makefile" />
		<Unit filename="src/core/engine.c">
			<Option compilerVar="CC" />
		</Unit>
		<Unit filename="src/core/engine.h" />
		<Unit filename="src/core/graphics.c">
			<Option compilerVar="CC" />
		</Unit>
		<Unit filename="src/core/graphics.h" />
		<Unit filename="src/core/parser.c">
			<Option compilerVar="CC" />
		</Unit>
		<Unit filename="src/core/parser.h" />
		<Unit filename="src/entity/player.c">
			<Option compilerVar="CC" />
		</Unit>
		<Unit filename="src/entity/player.h" />
		<Unit filename="src/entity/events.c">
			<Option compilerVar="CC" />
		</Unit>
		<Unit filename="src/entity/events.h" />
		<Unit filename="src/main.c">
			<Option compilerVar="CC" />
		</Unit>
		<Unit filename="src/screen/page.c">
			<Option compilerVar="CC" />
		</Unit>
		<Unit filename="src/screen/page.h" />
		<Unit filename="src/ui/components/button.c">
			<Option compilerVar="CC" />
		</Unit>
		<Unit filename="src/ui/components/button.h" />
		<Unit filename="src/ui/components/components.h" />
		<Unit filename="src/ui/components/dropdown.c">
			<Option compilerVar="CC" />
		</Unit>
		<Unit filename="src/ui/components/dropdown.h" />
		<Unit filename="src/ui/components/label.c">
			<Option compilerVar="CC" />
		</Unit>
		<Unit filename="src/ui/components/label.h" />
		<Unit filename="src/ui/map.c">
			<Option compilerVar="CC" />
		</Unit>
		<Unit filename="src/ui/map.h" />
		<Unit filename="src/ui/menu.c">
			<Option compilerVar="CC" />
		</Unit>
		<Unit filename="src/ui/menu.h" />
		<Extensions />
	</Project>
</CodeBlocks_project_file>
